
Microsoft Visual Studio Solution File, Format Version 12.00
# Visual Studio Version 16
VisualStudioVersion = 16.0.30717.126
MinimumVisualStudioVersion = 10.0.40219.1
Project("{FAE04EC0-301F-11D3-BF4B-00C04F79EFBC}") = "ProyectoEmilio", "ProyectoEmilio\ProyectoEmilio.csproj", "{59B130FB-5ACA-44AD-8485-8204BEF36B7C}"
EndProject
Global
	GlobalSection(SolutionConfigurationPlatforms) = preSolution
		Debug|Any CPU = Debug|Any CPU
		Release|Any CPU = Release|Any CPU
	EndGlobalSection
	GlobalSection(ProjectConfigurationPlatforms) = postSolution
		{59B130FB-5ACA-44AD-8485-8204BEF36B7C}.Debug|Any CPU.ActiveCfg = Debug|Any CPU
		{59B130FB-5ACA-44AD-8485-8204BEF36B7C}.Debug|Any CPU.Build.0 = Debug|Any CPU
		{59B130FB-5ACA-44AD-8485-8204BEF36B7C}.Release|Any CPU.ActiveCfg = Release|Any CPU
		{59B130FB-5ACA-44AD-8485-8204BEF36B7C}.Release|Any CPU.Build.0 = Release|Any CPU
	EndGlobalSection
	GlobalSection(SolutionProperties) = preSolution
		HideSolutionNode = FALSE
	EndGlobalSection
	GlobalSection(ExtensibilityGlobals) = postSolution
		SolutionGuid = {92C1B7C5-8A0F-4A20-A489-7FBD6E415147}
	EndGlobalSection
EndGlobal
